
Microsoft Visual Studio Solution File, Format Version 12.00
# Visual Studio Version 16
VisualStudioVersion = 16.0.29613.14
MinimumVisualStudioVersion = 10.0.40219.1
Project("{9A19103F-16F7-4668-BE54-9A1E7A4F7556}") = "PictureWhisper.WebAPI", "PictureWhisper.WebAPI\PictureWhisper.WebAPI.csproj", "{6781B647-A3BF-4E9C-BD8D-E88A3208074B}"
EndProject
Project("{9A19103F-16F7-4668-BE54-9A1E7A4F7556}") = "PictureWhisper.IdentityServer", "PictureWhisper.IdentityServer\PictureWhisper.IdentityServer.csproj", "{1F9E2064-2BA6-44A9-85CD-80E2D4E6A101}"
EndProject
Project("{FAE04EC0-301F-11D3-BF4B-00C04F79EFBC}") = "PictureWhisper.Client", "PictureWhisper.Client\PictureWhisper.Client.csproj", "{EB883DC5-C4AD-4D36-93EF-232451ADB817}"
EndProject
Project("{9A19103F-16F7-4668-BE54-9A1E7A4F7556}") = "TestConsoleClient", "TestConsoleClient\TestConsoleClient.csproj", "{20C10685-852C-42C6-85F3-ABD17AA1056B}"
EndProject
Project("{9A19103F-16F7-4668-BE54-9A1E7A4F7556}") = "PictureWhisper.Domain", "PictureWhisper.Domain\PictureWhisper.Domain.csproj", "{EE784F9D-0DA8-4846-8F83-8DB6ED001EC8}"
EndProject
Project("{9A19103F-16F7-4668-BE54-9A1E7A4F7556}") = "PictureWhisper.Client.Domain", "PictureWhisper.Client.Domain\PictureWhisper.Client.Domain.csproj", "{7C9F3B49-B1E5-42B6-B9CB-ACCB6B108B9C}"
EndProject
Project("{FAE04EC0-301F-11D3-BF4B-00C04F79EFBC}") = "PictureWhisper.Client.BackgroundTask", "PictureWhisper.Client.BackgroundTask\PictureWhisper.Client.BackgroundTask.csproj", "{CD8E652C-9D4F-4356-9389-BF1D1FD29FC0}"
EndProject
Global
	GlobalSection(SolutionConfigurationPlatforms) = preSolution
		Debug|Any CPU = Debug|Any CPU
		Debug|ARM = Debug|ARM
		Debug|ARM64 = Debug|ARM64
		Debug|x64 = Debug|x64
		Debug|x86 = Debug|x86
		Release|Any CPU = Release|Any CPU
		Release|ARM = Release|ARM
		Release|ARM64 = Release|ARM64
		Release|x64 = Release|x64
		Release|x86 = Release|x86
	EndGlobalSection
	GlobalSection(ProjectConfigurationPlatforms) = postSolution
		{6781B647-A3BF-4E9C-BD8D-E88A3208074B}.Debug|Any CPU.ActiveCfg = Debug|Any CPU
		{6781B647-A3BF-4E9C-BD8D-E88A3208074B}.Debug|Any CPU.Build.0 = Debug|Any CPU
		{6781B647-A3BF-4E9C-BD8D-E88A3208074B}.Debug|ARM.ActiveCfg = Debug|Any CPU
		{6781B647-A3BF-4E9C-BD8D-E88A3208074B}.Debug|ARM.Build.0 = Debug|Any CPU
		{6781B647-A3BF-4E9C-BD8D-E88A3208074B}.Debug|ARM64.ActiveCfg = Debug|Any CPU
		{6781B647-A3BF-4E9C-BD8D-E88A3208074B}.Debug|ARM64.Build.0 = Debug|Any CPU
		{6781B647-A3BF-4E9C-BD8D-E88A3208074B}.Debug|x64.ActiveCfg = Debug|Any CPU
		{6781B647-A3BF-4E9C-BD8D-E88A3208074B}.Debug|x64.Build.0 = Debug|Any CPU
		{6781B647-A3BF-4E9C-BD8D-E88A3208074B}.Debug|x86.ActiveCfg = Debug|Any CPU
		{6781B647-A3BF-4E9C-BD8D-E88A3208074B}.Debug|x86.Build.0 = Debug|Any CPU
		{6781B647-A3BF-4E9C-BD8D-E88A3208074B}.Release|Any CPU.ActiveCfg = Release|Any CPU
		{6781B647-A3BF-4E9C-BD8D-E88A3208074B}.Release|Any CPU.Build.0 = Release|Any CPU
		{6781B647-A3BF-4E9C-BD8D-E88A3208074B}.Release|ARM.ActiveCfg = Release|Any CPU
		{6781B647-A3BF-4E9C-BD8D-E88A3208074B}.Release|ARM.Build.0 = Release|Any CPU
		{6781B647-A3BF-4E9C-BD8D-E88A3208074B}.Release|ARM64.ActiveCfg = Release|Any CPU
		{6781B647-A3BF-4E9C-BD8D-E88A3208074B}.Release|ARM64.Build.0 = Release|Any CPU
		{6781B647-A3BF-4E9C-BD8D-E88A3208074B}.Release|x64.ActiveCfg = Release|Any CPU
		{6781B647-A3BF-4E9C-BD8D-E88A3208074B}.Release|x64.Build.0 = Release|Any CPU
		{6781B647-A3BF-4E9C-BD8D-E88A3208074B}.Release|x86.ActiveCfg = Release|Any CPU
		{6781B647-A3BF-4E9C-BD8D-E88A3208074B}.Release|x86.Build.0 = Release|Any CPU
		{1F9E2064-2BA6-44A9-85CD-80E2D4E6A101}.Debug|Any CPU.ActiveCfg = Debug|Any CPU
		{1F9E2064-2BA6-44A9-85CD-80E2D4E6A101}.Debug|Any CPU.Build.0 = Debug|Any CPU
		{1F9E2064-2BA6-44A9-85CD-80E2D4E6A101}.Debug|ARM.ActiveCfg = Debug|Any CPU
		{1F9E2064-2BA6-44A9-85CD-80E2D4E6A101}.Debug|ARM.Build.0 = Debug|Any CPU
		{1F9E2064-2BA6-44A9-85CD-80E2D4E6A101}.Debug|ARM64.ActiveCfg = Debug|Any CPU
		{1F9E2064-2BA6-44A9-85CD-80E2D4E6A101}.Debug|ARM64.Build.0 = Debug|Any CPU
		{1F9E2064-2BA6-44A9-85CD-80E2D4E6A101}.Debug|x64.ActiveCfg = Debug|Any CPU
		{1F9E2064-2BA6-44A9-85CD-80E2D4E6A101}.Debug|x64.Build.0 = Debug|Any CPU
		{1F9E2064-2BA6-44A9-85CD-80E2D4E6A101}.Debug|x86.ActiveCfg = Debug|Any CPU
		{1F9E2064-2BA6-44A9-85CD-80E2D4E6A101}.Debug|x86.Build.0 = Debug|Any CPU
		{1F9E2064-2BA6-44A9-85CD-80E2D4E6A101}.Release|Any CPU.ActiveCfg = Release|Any CPU
		{1F9E2064-2BA6-44A9-85CD-80E2D4E6A101}.Release|Any CPU.Build.0 = Release|Any CPU
		{1F9E2064-2BA6-44A9-85CD-80E2D4E6A101}.Release|ARM.ActiveCfg = Release|Any CPU
		{1F9E2064-2BA6-44A9-85CD-80E2D4E6A101}.Release|ARM.Build.0 = Release|Any CPU
		{1F9E2064-2BA6-44A9-85CD-80E2D4E6A101}.Release|ARM64.ActiveCfg = Release|Any CPU
		{1F9E2064-2BA6-44A9-85CD-80E2D4E6A101}.Release|ARM64.Build.0 = Release|Any CPU
		{1F9E2064-2BA6-44A9-85CD-80E2D4E6A101}.Release|x64.ActiveCfg = Release|Any CPU
		{1F9E2064-2BA6-44A9-85CD-80E2D4E6A101}.Release|x64.Build.0 = Release|Any CPU
		{1F9E2064-2BA6-44A9-85CD-80E2D4E6A101}.Release|x86.ActiveCfg = Release|Any CPU
		{1F9E2064-2BA6-44A9-85CD-80E2D4E6A101}.Release|x86.Build.0 = Release|Any CPU
		{EB883DC5-C4AD-4D36-93EF-232451ADB817}.Debug|Any CPU.ActiveCfg = Debug|x86
		{EB883DC5-C4AD-4D36-93EF-232451ADB817}.Debug|ARM.ActiveCfg = Debug|ARM
		{EB883DC5-C4AD-4D36-93EF-232451ADB817}.Debug|ARM.Build.0 = Debug|ARM
		{EB883DC5-C4AD-4D36-93EF-232451ADB817}.Debug|ARM.Deploy.0 = Debug|ARM
		{EB883DC5-C4AD-4D36-93EF-232451ADB817}.Debug|ARM64.ActiveCfg = Debug|ARM64
		{EB883DC5-C4AD-4D36-93EF-232451ADB817}.Debug|ARM64.Build.0 = Debug|ARM64
		{EB883DC5-C4AD-4D36-93EF-232451ADB817}.Debug|ARM64.Deploy.0 = Debug|ARM64
		{EB883DC5-C4AD-4D36-93EF-232451ADB817}.Debug|x64.ActiveCfg = Debug|x64
		{EB883DC5-C4AD-4D36-93EF-232451ADB817}.Debug|x64.Build.0 = Debug|x64
		{EB883DC5-C4AD-4D36-93EF-232451ADB817}.Debug|x64.Deploy.0 = Debug|x64
		{EB883DC5-C4AD-4D36-93EF-232451ADB817}.Debug|x86.ActiveCfg = Debug|x86
		{EB883DC5-C4AD-4D36-93EF-232451ADB817}.Debug|x86.Build.0 = Debug|x86
		{EB883DC5-C4AD-4D36-93EF-232451ADB817}.Debug|x86.Deploy.0 = Debug|x86
		{EB883DC5-C4AD-4D36-93EF-232451ADB817}.Release|Any CPU.ActiveCfg = Release|x86
		{EB883DC5-C4AD-4D36-93EF-232451ADB817}.Release|ARM.ActiveCfg = Release|ARM
		{EB883DC5-C4AD-4D36-93EF-232451ADB817}.Release|ARM.Build.0 = Release|ARM
		{EB883DC5-C4AD-4D36-93EF-232451ADB817}.Release|ARM.Deploy.0 = Release|ARM
		{EB883DC5-C4AD-4D36-93EF-232451ADB817}.Release|ARM64.ActiveCfg = Release|ARM64
		{EB883DC5-C4AD-4D36-93EF-232451ADB817}.Release|ARM64.Build.0 = Release|ARM64
		{EB883DC5-C4AD-4D36-93EF-232451ADB817}.Release|ARM64.Deploy.0 = Release|ARM64
		{EB883DC5-C4AD-4D36-93EF-232451ADB817}.Release|x64.ActiveCfg = Release|x64
		{EB883DC5-C4AD-4D36-93EF-232451ADB817}.Release|x64.Build.0 = Release|x64
		{EB883DC5-C4AD-4D36-93EF-232451ADB817}.Release|x64.Deploy.0 = Release|x64
		{EB883DC5-C4AD-4D36-93EF-232451ADB817}.Release|x86.ActiveCfg = Release|x86
		{EB883DC5-C4AD-4D36-93EF-232451ADB817}.Release|x86.Build.0 = Release|x86
		{EB883DC5-C4AD-4D36-93EF-232451ADB817}.Release|x86.Deploy.0 = Release|x86
		{20C10685-852C-42C6-85F3-ABD17AA1056B}.Debug|Any CPU.ActiveCfg = Debug|Any CPU
		{20C10685-852C-42C6-85F3-ABD17AA1056B}.Debug|Any CPU.Build.0 = Debug|Any CPU
		{20C10685-852C-42C6-85F3-ABD17AA1056B}.Debug|ARM.ActiveCfg = Debug|Any CPU
		{20C10685-852C-42C6-85F3-ABD17AA1056B}.Debug|ARM.Build.0 = Debug|Any CPU
		{20C10685-852C-42C6-85F3-ABD17AA1056B}.Debug|ARM64.ActiveCfg = Debug|Any CPU
		{20C10685-852C-42C6-85F3-ABD17AA1056B}.Debug|ARM64.Build.0 = Debug|Any CPU
		{20C10685-852C-42C6-85F3-ABD17AA1056B}.Debug|x64.ActiveCfg = Debug|Any CPU
		{20C10685-852C-42C6-85F3-ABD17AA1056B}.Debug|x64.Build.0 = Debug|Any CPU
		{20C10685-852C-42C6-85F3-ABD17AA1056B}.Debug|x86.ActiveCfg = Debug|Any CPU
		{20C10685-852C-42C6-85F3-ABD17AA1056B}.Debug|x86.Build.0 = Debug|Any CPU
		{20C10685-852C-42C6-85F3-ABD17AA1056B}.Release|Any CPU.ActiveCfg = Release|Any CPU
		{20C10685-852C-42C6-85F3-ABD17AA1056B}.Release|Any CPU.Build.0 = Release|Any CPU
		{20C10685-852C-42C6-85F3-ABD17AA1056B}.Release|ARM.ActiveCfg = Release|Any CPU
		{20C10685-852C-42C6-85F3-ABD17AA1056B}.Release|ARM.Build.0 = Release|Any CPU
		{20C10685-852C-42C6-85F3-ABD17AA1056B}.Release|ARM64.ActiveCfg = Release|Any CPU
		{20C10685-852C-42C6-85F3-ABD17AA1056B}.Release|ARM64.Build.0 = Release|Any CPU
		{20C10685-852C-42C6-85F3-ABD17AA1056B}.Release|x64.ActiveCfg = Release|Any CPU
		{20C10685-852C-42C6-85F3-ABD17AA1056B}.Release|x64.Build.0 = Release|Any CPU
		{20C10685-852C-42C6-85F3-ABD17AA1056B}.Release|x86.ActiveCfg = Release|Any CPU
		{20C10685-852C-42C6-85F3-ABD17AA1056B}.Release|x86.Build.0 = Release|Any CPU
		{EE784F9D-0DA8-4846-8F83-8DB6ED001EC8}.Debug|Any CPU.ActiveCfg = Debug|Any CPU
		{EE784F9D-0DA8-4846-8F83-8DB6ED001EC8}.Debug|Any CPU.Build.0 = Debug|Any CPU
		{EE784F9D-0DA8-4846-8F83-8DB6ED001EC8}.Debug|ARM.ActiveCfg = Debug|Any CPU
		{EE784F9D-0DA8-4846-8F83-8DB6ED001EC8}.Debug|ARM.Build.0 = Debug|Any CPU
		{EE784F9D-0DA8-4846-8F83-8DB6ED001EC8}.Debug|ARM64.ActiveCfg = Debug|Any CPU
		{EE784F9D-0DA8-4846-8F83-8DB6ED001EC8}.Debug|ARM64.Build.0 = Debug|Any CPU
		{EE784F9D-0DA8-4846-8F83-8DB6ED001EC8}.Debug|x64.ActiveCfg = Debug|Any CPU
		{EE784F9D-0DA8-4846-8F83-8DB6ED001EC8}.Debug|x64.Build.0 = Debug|Any CPU
		{EE784F9D-0DA8-4846-8F83-8DB6ED001EC8}.Debug|x86.ActiveCfg = Debug|Any CPU
		{EE784F9D-0DA8-4846-8F83-8DB6ED001EC8}.Debug|x86.Build.0 = Debug|Any CPU
		{EE784F9D-0DA8-4846-8F83-8DB6ED001EC8}.Release|Any CPU.ActiveCfg = Release|Any CPU
		{EE784F9D-0DA8-4846-8F83-8DB6ED001EC8}.Release|Any CPU.Build.0 = Release|Any CPU
		{EE784F9D-0DA8-4846-8F83-8DB6ED001EC8}.Release|ARM.ActiveCfg = Release|Any CPU
		{EE784F9D-0DA8-4846-8F83-8DB6ED001EC8}.Release|ARM.Build.0 = Release|Any CPU
		{EE784F9D-0DA8-4846-8F83-8DB6ED001EC8}.Release|ARM64.ActiveCfg = Release|Any CPU
		{EE784F9D-0DA8-4846-8F83-8DB6ED001EC8}.Release|ARM64.Build.0 = Release|Any CPU
		{EE784F9D-0DA8-4846-8F83-8DB6ED001EC8}.Release|x64.ActiveCfg = Release|Any CPU
		{EE784F9D-0DA8-4846-8F83-8DB6ED001EC8}.Release|x64.Build.0 = Release|Any CPU
		{EE784F9D-0DA8-4846-8F83-8DB6ED001EC8}.Release|x86.ActiveCfg = Release|Any CPU
		{EE784F9D-0DA8-4846-8F83-8DB6ED001EC8}.Release|x86.Build.0 = Release|Any CPU
		{7C9F3B49-B1E5-42B6-B9CB-ACCB6B108B9C}.Debug|Any CPU.ActiveCfg = Debug|Any CPU
		{7C9F3B49-B1E5-42B6-B9CB-ACCB6B108B9C}.Debug|Any CPU.Build.0 = Debug|Any CPU
		{7C9F3B49-B1E5-42B6-B9CB-ACCB6B108B9C}.Debug|ARM.ActiveCfg = Debug|Any CPU
		{7C9F3B49-B1E5-42B6-B9CB-ACCB6B108B9C}.Debug|ARM.Build.0 = Debug|Any CPU
		{7C9F3B49-B1E5-42B6-B9CB-ACCB6B108B9C}.Debug|ARM64.ActiveCfg = Debug|Any CPU
		{7C9F3B49-B1E5-42B6-B9CB-ACCB6B108B9C}.Debug|ARM64.Build.0 = Debug|Any CPU
		{7C9F3B49-B1E5-42B6-B9CB-ACCB6B108B9C}.Debug|x64.ActiveCfg = Debug|Any CPU
		{7C9F3B49-B1E5-42B6-B9CB-ACCB6B108B9C}.Debug|x64.Build.0 = Debug|Any CPU
		{7C9F3B49-B1E5-42B6-B9CB-ACCB6B108B9C}.Debug|x86.ActiveCfg = Debug|Any CPU
		{7C9F3B49-B1E5-42B6-B9CB-ACCB6B108B9C}.Debug|x86.Build.0 = Debug|Any CPU
		{7C9F3B49-B1E5-42B6-B9CB-ACCB6B108B9C}.Release|Any CPU.ActiveCfg = Release|Any CPU
		{7C9F3B49-B1E5-42B6-B9CB-ACCB6B108B9C}.Release|Any CPU.Build.0 = Release|Any CPU
		{7C9F3B49-B1E5-42B6-B9CB-ACCB6B108B9C}.Release|ARM.ActiveCfg = Release|Any CPU
		{7C9F3B49-B1E5-42B6-B9CB-ACCB6B108B9C}.Release|ARM.Build.0 = Release|Any CPU
		{7C9F3B49-B1E5-42B6-B9CB-ACCB6B108B9C}.Release|ARM64.ActiveCfg = Release|Any CPU
		{7C9F3B49-B1E5-42B6-B9CB-ACCB6B108B9C}.Release|ARM64.Build.0 = Release|Any CPU
		{7C9F3B49-B1E5-42B6-B9CB-ACCB6B108B9C}.Release|x64.ActiveCfg = Release|Any CPU
		{7C9F3B49-B1E5-42B6-B9CB-ACCB6B108B9C}.Release|x64.Build.0 = Release|Any CPU
		{7C9F3B49-B1E5-42B6-B9CB-ACCB6B108B9C}.Release|x86.ActiveCfg = Release|Any CPU
		{7C9F3B49-B1E5-42B6-B9CB-ACCB6B108B9C}.Release|x86.Build.0 = Release|Any CPU
		{CD8E652C-9D4F-4356-9389-BF1D1FD29FC0}.Debug|Any CPU.ActiveCfg = Debug|Any CPU
		{CD8E652C-9D4F-4356-9389-BF1D1FD29FC0}.Debug|Any CPU.Build.0 = Debug|Any CPU
		{CD8E652C-9D4F-4356-9389-BF1D1FD29FC0}.Debug|ARM.ActiveCfg = Debug|ARM
		{CD8E652C-9D4F-4356-9389-BF1D1FD29FC0}.Debug|ARM.Build.0 = Debug|ARM
		{CD8E652C-9D4F-4356-9389-BF1D1FD29FC0}.Debug|ARM64.ActiveCfg = Debug|ARM64
		{CD8E652C-9D4F-4356-9389-BF1D1FD29FC0}.Debug|ARM64.Build.0 = Debug|ARM64
		{CD8E652C-9D4F-4356-9389-BF1D1FD29FC0}.Debug|x64.ActiveCfg = Debug|x64
		{CD8E652C-9D4F-4356-9389-BF1D1FD29FC0}.Debug|x64.Build.0 = Debug|x64
		{CD8E652C-9D4F-4356-9389-BF1D1FD29FC0}.Debug|x86.ActiveCfg = Debug|x86
		{CD8E652C-9D4F-4356-9389-BF1D1FD29FC0}.Debug|x86.Build.0 = Debug|x86
		{CD8E652C-9D4F-4356-9389-BF1D1FD29FC0}.Release|Any CPU.ActiveCfg = Release|Any CPU
		{CD8E652C-9D4F-4356-9389-BF1D1FD29FC0}.Release|Any CPU.Build.0 = Release|Any CPU
		{CD8E652C-9D4F-4356-9389-BF1D1FD29FC0}.Release|ARM.ActiveCfg = Release|ARM
		{CD8E652C-9D4F-4356-9389-BF1D1FD29FC0}.Release|ARM.Build.0 = Release|ARM
		{CD8E652C-9D4F-4356-9389-BF1D1FD29FC0}.Release|ARM64.ActiveCfg = Release|ARM64
		{CD8E652C-9D4F-4356-9389-BF1D1FD29FC0}.Release|ARM64.Build.0 = Release|ARM64
		{CD8E652C-9D4F-4356-9389-BF1D1FD29FC0}.Release|x64.ActiveCfg = Release|x64
		{CD8E652C-9D4F-4356-9389-BF1D1FD29FC0}.Release|x64.Build.0 = Release|x64
		{CD8E652C-9D4F-4356-9389-BF1D1FD29FC0}.Release|x86.ActiveCfg = Release|x86
		{CD8E652C-9D4F-4356-9389-BF1D1FD29FC0}.Release|x86.Build.0 = Release|x86
	EndGlobalSection
	GlobalSection(SolutionProperties) = preSolution
		HideSolutionNode = FALSE
	EndGlobalSection
	GlobalSection(ExtensibilityGlobals) = postSolution
		SolutionGuid = {28075DC1-CC7B-4273-BB9E-978175AD2DD0}
	EndGlobalSection
EndGlobal
